
Microsoft Visual Studio Solution File, Format Version 12.00
Project("{FAE04EC0-301F-11D3-BF4B-00C04F79EFBC}") = "Healbe.PostgreSqlBulkService", "Healbe.PostgreSqlBulkService\Healbe.PostgreSqlBulkService.csproj", "{E28EB84A-D45E-4AE3-B7F6-F961B869D6D1}"
EndProject
Project("{FAE04EC0-301F-11D3-BF4B-00C04F79EFBC}") = "Healbe.PostgreSqlBulkService.Tests", "Healbe.PostgreSqlBulkService.Tests\Healbe.PostgreSqlBulkService.Tests.csproj", "{177CD34D-2F64-4789-9053-CA342D42375C}"
EndProject
Global
	GlobalSection(SolutionConfigurationPlatforms) = preSolution
		Debug|Any CPU = Debug|Any CPU
		Release|Any CPU = Release|Any CPU
	EndGlobalSection
	GlobalSection(ProjectConfigurationPlatforms) = postSolution
		{E28EB84A-D45E-4AE3-B7F6-F961B869D6D1}.Debug|Any CPU.ActiveCfg = Debug|Any CPU
		{E28EB84A-D45E-4AE3-B7F6-F961B869D6D1}.Debug|Any CPU.Build.0 = Debug|Any CPU
		{E28EB84A-D45E-4AE3-B7F6-F961B869D6D1}.Release|Any CPU.ActiveCfg = Release|Any CPU
		{E28EB84A-D45E-4AE3-B7F6-F961B869D6D1}.Release|Any CPU.Build.0 = Release|Any CPU
		{177CD34D-2F64-4789-9053-CA342D42375C}.Debug|Any CPU.ActiveCfg = Debug|Any CPU
		{177CD34D-2F64-4789-9053-CA342D42375C}.Debug|Any CPU.Build.0 = Debug|Any CPU
		{177CD34D-2F64-4789-9053-CA342D42375C}.Release|Any CPU.ActiveCfg = Release|Any CPU
		{177CD34D-2F64-4789-9053-CA342D42375C}.Release|Any CPU.Build.0 = Release|Any CPU
	EndGlobalSection
EndGlobal
